{
  "originHash" : "5fa3935fe8ae56555a3386e252927a48ab173da3d7984d3bd673d28b4d7dc50d",
  "pins" : [
    {
      "identity" : "google-cast-sdk-m1",
      "kind" : "remoteSourceControl",
      "location" : "https://github.com/ClaspTV/google-cast-sdk-m1.git",
      "state" : {
        "revision" : "665eae87cdbd248cf9ea211b0f28c2494838206a",
        "version" : "4.8.0"
      }
    },
    {
      "identity" : "vizbee-homeos-sdk",
      "kind" : "remoteSourceControl",
      "location" : "https://github.com/ClaspTV/vizbee-homeos-sdk.git",
      "state" : {
        "revision" : "ba865b33fcf8d0bc65bec8db01ae18ef2ecf9795",
        "version" : "1.0.3"
      }
    },
    {
      "identity" : "vizbee-ios-sdk",
      "kind" : "remoteSourceControl",
      "location" : "https://github.com/ClaspTV/vizbee-ios-sdk.git",
      "state" : {
        "revision" : "741c9123dd6fbd5c3e42deb3486f05f2739dbaf9",
        "version" : "6.7.1"
      }
    }
  ],
  "version" : 3
}
