{
  "originHash" : "1b3ce8f80d0141b5dba4db1c7b1d75c0d49dc203193fd06234e6209cc77b6a5b",
  "pins" : [
    {
      "identity" : "google-cast-sdk-m1",
      "kind" : "remoteSourceControl",
      "location" : "https://github.com/ClaspTV/google-cast-sdk-m1.git",
      "state" : {
        "revision" : "665eae87cdbd248cf9ea211b0f28c2494838206a",
        "version" : "4.8.0"
      }
    },
    {
      "identity" : "vizbee-homeos-sdk",
      "kind" : "remoteSourceControl",
      "location" : "https://github.com/ClaspTV/vizbee-homeos-sdk.git",
      "state" : {
        "revision" : "156c905e1398d8052e81bf8d0f199928e8355fbf",
        "version" : "1.0.2"
      }
    },
    {
      "identity" : "vizbee-ios-sdk",
      "kind" : "remoteSourceControl",
      "location" : "https://github.com/ClaspTV/vizbee-ios-sdk.git",
      "state" : {
        "revision" : "f8424e64f02bad81160ca55578bae697665c196d",
        "version" : "6.6.5"
      }
    }
  ],
  "version" : 3
}
