// !$*UTF8*$!
{
	archiveVersion = 1;
	classes = {
	};
	objectVersion = 56;
	objects = {

/* Begin PBXBuildFile section */
		847420672C945A950024CFA4 /* Assets.xcassets in Resources */ = {isa = PBXBuildFile; fileRef = 847420662C945A950024CFA4 /* Assets.xcassets */; };
		8474206A2C945A950024CFA4 /* Preview Assets.xcassets in Resources */ = {isa = PBXBuildFile; fileRef = 847420692C945A950024CFA4 /* Preview Assets.xcassets */; };
		847420742C945A950024CFA4 /* VizbeeDemoTests.swift in Sources */ = {isa = PBXBuildFile; fileRef = 847420732C945A950024CFA4 /* VizbeeDemoTests.swift */; };
		8474207E2C945A950024CFA4 /* VizbeeDemoUITests.swift in Sources */ = {isa = PBXBuildFile; fileRef = 8474207D2C945A950024CFA4 /* VizbeeDemoUITests.swift */; };
		847420802C945A950024CFA4 /* VizbeeDemoUITestsLaunchTests.swift in Sources */ = {isa = PBXBuildFile; fileRef = 8474207F2C945A950024CFA4 /* VizbeeDemoUITestsLaunchTests.swift */; };
		8474208D2C945B5A0024CFA4 /* AppDelegate.swift in Sources */ = {isa = PBXBuildFile; fileRef = 8474208C2C945B5A0024CFA4 /* AppDelegate.swift */; };
		8474208F2C945BA30024CFA4 /* HomeView.swift in Sources */ = {isa = PBXBuildFile; fileRef = 8474208E2C945BA30024CFA4 /* HomeView.swift */; };
		847420932C945C400024CFA4 /* VideoRow.swift in Sources */ = {isa = PBXBuildFile; fileRef = 847420922C945C400024CFA4 /* VideoRow.swift */; };
		847420952C945E550024CFA4 /* PlayerView.swift in Sources */ = {isa = PBXBuildFile; fileRef = 847420942C945E550024CFA4 /* PlayerView.swift */; };
		8474209B2C945EB50024CFA4 /* CastButton.swift in Sources */ = {isa = PBXBuildFile; fileRef = 8474209A2C945EB50024CFA4 /* CastButton.swift */; };
		8474209F2C945FDC0024CFA4 /* Video.swift in Sources */ = {isa = PBXBuildFile; fileRef = 8474209E2C945FDC0024CFA4 /* Video.swift */; };
		847420A12C945FFA0024CFA4 /* VideoPlayerViewModel.swift in Sources */ = {isa = PBXBuildFile; fileRef = 847420A02C945FFA0024CFA4 /* VideoPlayerViewModel.swift */; };
		847420A32C9460240024CFA4 /* CastingViewModel.swift in Sources */ = {isa = PBXBuildFile; fileRef = 847420A22C9460240024CFA4 /* CastingViewModel.swift */; };
		847420AA2C9461130024CFA4 /* VizbeeKit in Frameworks */ = {isa = PBXBuildFile; productRef = 847420A92C9461130024CFA4 /* VizbeeKit */; };
		847420AD2C94611C0024CFA4 /* VizbeeHomeOSKit in Frameworks */ = {isa = PBXBuildFile; productRef = 847420AC2C94611C0024CFA4 /* VizbeeHomeOSKit */; };
		847420B02C9461250024CFA4 /* GoogleCast in Frameworks */ = {isa = PBXBuildFile; productRef = 847420AF2C9461250024CFA4 /* GoogleCast */; };
		847420B42C9463290024CFA4 /* VizbeeAdapter.swift in Sources */ = {isa = PBXBuildFile; fileRef = 847420B32C9463290024CFA4 /* VizbeeAdapter.swift */; };
		847420B82C9470C70024CFA4 /* SettingsView.swift in Sources */ = {isa = PBXBuildFile; fileRef = 847420B72C9470C70024CFA4 /* SettingsView.swift */; };
		847420BA2C9470E80024CFA4 /* SettingsViewModel.swift in Sources */ = {isa = PBXBuildFile; fileRef = 847420B92C9470E80024CFA4 /* SettingsViewModel.swift */; };
		847420BD2C9472610024CFA4 /* VizbeeWrapper.swift in Sources */ = {isa = PBXBuildFile; fileRef = 847420BC2C9472610024CFA4 /* VizbeeWrapper.swift */; };
		847420C12C9473730024CFA4 /* MobileToTVMessager.swift in Sources */ = {isa = PBXBuildFile; fileRef = 847420BE2C9473730024CFA4 /* MobileToTVMessager.swift */; };
		847420C22C9473730024CFA4 /* DemoAppVizbeeStyle.swift in Sources */ = {isa = PBXBuildFile; fileRef = 847420BF2C9473730024CFA4 /* DemoAppVizbeeStyle.swift */; };
		847420C32C9473730024CFA4 /* VizbeeAnalyticsHandler.swift in Sources */ = {isa = PBXBuildFile; fileRef = 847420C02C9473730024CFA4 /* VizbeeAnalyticsHandler.swift */; };
		847420C52C947C980024CFA4 /* ImageLoader.swift in Sources */ = {isa = PBXBuildFile; fileRef = 847420C42C947C980024CFA4 /* ImageLoader.swift */; };
		847EF6562C99821C009877A9 /* DetailView.swift in Sources */ = {isa = PBXBuildFile; fileRef = 847EF6552C99821C009877A9 /* DetailView.swift */; };
		847EF6592C998B2F009877A9 /* CustomHostingController.swift in Sources */ = {isa = PBXBuildFile; fileRef = 847EF6582C998B2F009877A9 /* CustomHostingController.swift */; };
		847EF65C2C99984E009877A9 /* VideoData.swift in Sources */ = {isa = PBXBuildFile; fileRef = 847EF65B2C99984E009877A9 /* VideoData.swift */; };
		847EF65E2C999D40009877A9 /* Constants.swift in Sources */ = {isa = PBXBuildFile; fileRef = 847EF65D2C999D40009877A9 /* Constants.swift */; };
		847EF6602C999EA0009877A9 /* DetailViewModel.swift in Sources */ = {isa = PBXBuildFile; fileRef = 847EF65F2C999EA0009877A9 /* DetailViewModel.swift */; };
		847EF6622C99A46E009877A9 /* VideoPlayer.swift in Sources */ = {isa = PBXBuildFile; fileRef = 847EF6612C99A46E009877A9 /* VideoPlayer.swift */; };
		847EF6642C99E7DF009877A9 /* CustomPlayerControls.swift in Sources */ = {isa = PBXBuildFile; fileRef = 847EF6632C99E7DF009877A9 /* CustomPlayerControls.swift */; };
		847EF6662C9AD023009877A9 /* PlayerPresenter.swift in Sources */ = {isa = PBXBuildFile; fileRef = 847EF6652C9AD023009877A9 /* PlayerPresenter.swift */; };
		84B8CC8F2C9B27FB00ED9F80 /* Roboto_Regular.ttf in Resources */ = {isa = PBXBuildFile; fileRef = 84B8CC8D2C9B27FB00ED9F80 /* Roboto_Regular.ttf */; };
		84B8CC902C9B27FB00ED9F80 /* Roboto_Medium.ttf in Resources */ = {isa = PBXBuildFile; fileRef = 84B8CC8E2C9B27FB00ED9F80 /* Roboto_Medium.ttf */; };
/* End PBXBuildFile section */

/* Begin PBXContainerItemProxy section */
		847420702C945A950024CFA4 /* PBXContainerItemProxy */ = {
			isa = PBXContainerItemProxy;
			containerPortal = 847420572C945A930024CFA4 /* Project object */;
			proxyType = 1;
			remoteGlobalIDString = 8474205E2C945A930024CFA4;
			remoteInfo = VizbeeDemo;
		};
		8474207A2C945A950024CFA4 /* PBXContainerItemProxy */ = {
			isa = PBXContainerItemProxy;
			containerPortal = 847420572C945A930024CFA4 /* Project object */;
			proxyType = 1;
			remoteGlobalIDString = 8474205E2C945A930024CFA4;
			remoteInfo = VizbeeDemo;
		};
/* End PBXContainerItemProxy section */

/* Begin PBXFileReference section */
		8474205F2C945A930024CFA4 /* VizbeeDemo.app */ = {isa = PBXFileReference; explicitFileType = wrapper.application; includeInIndex = 0; path = VizbeeDemo.app; sourceTree = BUILT_PRODUCTS_DIR; };
		847420662C945A950024CFA4 /* Assets.xcassets */ = {isa = PBXFileReference; lastKnownFileType = folder.assetcatalog; path = Assets.xcassets; sourceTree = "<group>"; };
		847420692C945A950024CFA4 /* Preview Assets.xcassets */ = {isa = PBXFileReference; lastKnownFileType = folder.assetcatalog; path = "Preview Assets.xcassets"; sourceTree = "<group>"; };
		8474206F2C945A950024CFA4 /* VizbeeDemoTests.xctest */ = {isa = PBXFileReference; explicitFileType = wrapper.cfbundle; includeInIndex = 0; path = VizbeeDemoTests.xctest; sourceTree = BUILT_PRODUCTS_DIR; };
		847420732C945A950024CFA4 /* VizbeeDemoTests.swift */ = {isa = PBXFileReference; lastKnownFileType = sourcecode.swift; path = VizbeeDemoTests.swift; sourceTree = "<group>"; };
		847420792C945A950024CFA4 /* VizbeeDemoUITests.xctest */ = {isa = PBXFileReference; explicitFileType = wrapper.cfbundle; includeInIndex = 0; path = VizbeeDemoUITests.xctest; sourceTree = BUILT_PRODUCTS_DIR; };
		8474207D2C945A950024CFA4 /* VizbeeDemoUITests.swift */ = {isa = PBXFileReference; lastKnownFileType = sourcecode.swift; path = VizbeeDemoUITests.swift; sourceTree = "<group>"; };
		8474207F2C945A950024CFA4 /* VizbeeDemoUITestsLaunchTests.swift */ = {isa = PBXFileReference; lastKnownFileType = sourcecode.swift; path = VizbeeDemoUITestsLaunchTests.swift; sourceTree = "<group>"; };
		8474208C2C945B5A0024CFA4 /* AppDelegate.swift */ = {isa = PBXFileReference; lastKnownFileType = sourcecode.swift; path = AppDelegate.swift; sourceTree = "<group>"; };
		8474208E2C945BA30024CFA4 /* HomeView.swift */ = {isa = PBXFileReference; lastKnownFileType = sourcecode.swift; path = HomeView.swift; sourceTree = "<group>"; };
		847420922C945C400024CFA4 /* VideoRow.swift */ = {isa = PBXFileReference; lastKnownFileType = sourcecode.swift; path = VideoRow.swift; sourceTree = "<group>"; };
		847420942C945E550024CFA4 /* PlayerView.swift */ = {isa = PBXFileReference; lastKnownFileType = sourcecode.swift; path = PlayerView.swift; sourceTree = "<group>"; };
		8474209A2C945EB50024CFA4 /* CastButton.swift */ = {isa = PBXFileReference; lastKnownFileType = sourcecode.swift; path = CastButton.swift; sourceTree = "<group>"; };
		8474209E2C945FDC0024CFA4 /* Video.swift */ = {isa = PBXFileReference; lastKnownFileType = sourcecode.swift; path = Video.swift; sourceTree = "<group>"; };
		847420A02C945FFA0024CFA4 /* VideoPlayerViewModel.swift */ = {isa = PBXFileReference; lastKnownFileType = sourcecode.swift; path = VideoPlayerViewModel.swift; sourceTree = "<group>"; };
		847420A22C9460240024CFA4 /* CastingViewModel.swift */ = {isa = PBXFileReference; lastKnownFileType = sourcecode.swift; path = CastingViewModel.swift; sourceTree = "<group>"; };
		847420B32C9463290024CFA4 /* VizbeeAdapter.swift */ = {isa = PBXFileReference; lastKnownFileType = sourcecode.swift; path = VizbeeAdapter.swift; sourceTree = "<group>"; };
		847420B72C9470C70024CFA4 /* SettingsView.swift */ = {isa = PBXFileReference; lastKnownFileType = sourcecode.swift; path = SettingsView.swift; sourceTree = "<group>"; };
		847420B92C9470E80024CFA4 /* SettingsViewModel.swift */ = {isa = PBXFileReference; lastKnownFileType = sourcecode.swift; path = SettingsViewModel.swift; sourceTree = "<group>"; };
		847420BC2C9472610024CFA4 /* VizbeeWrapper.swift */ = {isa = PBXFileReference; fileEncoding = 4; lastKnownFileType = sourcecode.swift; name = VizbeeWrapper.swift; path = VizbeeDemo/VizbeeIntegration/VizbeeWrapper.swift; sourceTree = SOURCE_ROOT; };
		847420BE2C9473730024CFA4 /* MobileToTVMessager.swift */ = {isa = PBXFileReference; fileEncoding = 4; lastKnownFileType = sourcecode.swift; path = MobileToTVMessager.swift; sourceTree = "<group>"; };
		847420BF2C9473730024CFA4 /* DemoAppVizbeeStyle.swift */ = {isa = PBXFileReference; fileEncoding = 4; lastKnownFileType = sourcecode.swift; path = DemoAppVizbeeStyle.swift; sourceTree = "<group>"; };
		847420C02C9473730024CFA4 /* VizbeeAnalyticsHandler.swift */ = {isa = PBXFileReference; fileEncoding = 4; lastKnownFileType = sourcecode.swift; path = VizbeeAnalyticsHandler.swift; sourceTree = "<group>"; };
		847420C42C947C980024CFA4 /* ImageLoader.swift */ = {isa = PBXFileReference; lastKnownFileType = sourcecode.swift; path = ImageLoader.swift; sourceTree = "<group>"; };
		847420C82C9480EB0024CFA4 /* Info.plist */ = {isa = PBXFileReference; lastKnownFileType = text.plist; path = Info.plist; sourceTree = "<group>"; };
		847420C92C9483CF0024CFA4 /* VizbeeDemo.entitlements */ = {isa = PBXFileReference; lastKnownFileType = text.plist.entitlements; path = VizbeeDemo.entitlements; sourceTree = "<group>"; };
		847EF6552C99821C009877A9 /* DetailView.swift */ = {isa = PBXFileReference; lastKnownFileType = sourcecode.swift; path = DetailView.swift; sourceTree = "<group>"; };
		847EF6582C998B2F009877A9 /* CustomHostingController.swift */ = {isa = PBXFileReference; lastKnownFileType = sourcecode.swift; path = CustomHostingController.swift; sourceTree = "<group>"; };
		847EF65B2C99984E009877A9 /* VideoData.swift */ = {isa = PBXFileReference; lastKnownFileType = sourcecode.swift; path = VideoData.swift; sourceTree = "<group>"; };
		847EF65D2C999D40009877A9 /* Constants.swift */ = {isa = PBXFileReference; lastKnownFileType = sourcecode.swift; path = Constants.swift; sourceTree = "<group>"; };
		847EF65F2C999EA0009877A9 /* DetailViewModel.swift */ = {isa = PBXFileReference; lastKnownFileType = sourcecode.swift; path = DetailViewModel.swift; sourceTree = "<group>"; };
		847EF6612C99A46E009877A9 /* VideoPlayer.swift */ = {isa = PBXFileReference; lastKnownFileType = sourcecode.swift; path = VideoPlayer.swift; sourceTree = "<group>"; };
		847EF6632C99E7DF009877A9 /* CustomPlayerControls.swift */ = {isa = PBXFileReference; lastKnownFileType = sourcecode.swift; path = CustomPlayerControls.swift; sourceTree = "<group>"; };
		847EF6652C9AD023009877A9 /* PlayerPresenter.swift */ = {isa = PBXFileReference; lastKnownFileType = sourcecode.swift; path = PlayerPresenter.swift; sourceTree = "<group>"; };
		84B8CC8D2C9B27FB00ED9F80 /* Roboto_Regular.ttf */ = {isa = PBXFileReference; lastKnownFileType = file; path = Roboto_Regular.ttf; sourceTree = "<group>"; };
		84B8CC8E2C9B27FB00ED9F80 /* Roboto_Medium.ttf */ = {isa = PBXFileReference; lastKnownFileType = file; path = Roboto_Medium.ttf; sourceTree = "<group>"; };
/* End PBXFileReference section */

/* Begin PBXFrameworksBuildPhase section */
		8474205C2C945A930024CFA4 /* Frameworks */ = {
			isa = PBXFrameworksBuildPhase;
			buildActionMask = 2147483647;
			files = (
				847420B02C9461250024CFA4 /* GoogleCast in Frameworks */,
				847420AA2C9461130024CFA4 /* VizbeeKit in Frameworks */,
				847420AD2C94611C0024CFA4 /* VizbeeHomeOSKit in Frameworks */,
			);
			runOnlyForDeploymentPostprocessing = 0;
		};
		8474206C2C945A950024CFA4 /* Frameworks */ = {
			isa = PBXFrameworksBuildPhase;
			buildActionMask = 2147483647;
			files = (
			);
			runOnlyForDeploymentPostprocessing = 0;
		};
		847420762C945A950024CFA4 /* Frameworks */ = {
			isa = PBXFrameworksBuildPhase;
			buildActionMask = 2147483647;
			files = (
			);
			runOnlyForDeploymentPostprocessing = 0;
		};
/* End PBXFrameworksBuildPhase section */

/* Begin PBXGroup section */
		847420562C945A930024CFA4 = {
			isa = PBXGroup;
			children = (
				847420612C945A930024CFA4 /* VizbeeDemo */,
				847420722C945A950024CFA4 /* VizbeeDemoTests */,
				8474207C2C945A950024CFA4 /* VizbeeDemoUITests */,
				847420602C945A930024CFA4 /* Products */,
			);
			sourceTree = "<group>";
		};
		847420602C945A930024CFA4 /* Products */ = {
			isa = PBXGroup;
			children = (
				8474205F2C945A930024CFA4 /* VizbeeDemo.app */,
				8474206F2C945A950024CFA4 /* VizbeeDemoTests.xctest */,
				847420792C945A950024CFA4 /* VizbeeDemoUITests.xctest */,
			);
			name = Products;
			sourceTree = "<group>";
		};
		847420612C945A930024CFA4 /* VizbeeDemo */ = {
			isa = PBXGroup;
			children = (
				84B8CC8C2C9B27E300ED9F80 /* Fonts */,
				847420C92C9483CF0024CFA4 /* VizbeeDemo.entitlements */,
				847420C82C9480EB0024CFA4 /* Info.plist */,
				847420BB2C9472400024CFA4 /* VizbeeIntegration */,
				8474209D2C945FC10024CFA4 /* Models */,
				8474209C2C945F410024CFA4 /* ViewModels */,
				847420912C945BCE0024CFA4 /* Views */,
				847EF6572C998B1A009877A9 /* ViewControllers */,
				847EF65A2C99983B009877A9 /* Constants */,
				84B8CC8B2C9B257100ED9F80 /* Utils */,
				8474208C2C945B5A0024CFA4 /* AppDelegate.swift */,
				847420662C945A950024CFA4 /* Assets.xcassets */,
				847420682C945A950024CFA4 /* Preview Content */,
			);
			path = VizbeeDemo;
			sourceTree = "<group>";
		};
		847420682C945A950024CFA4 /* Preview Content */ = {
			isa = PBXGroup;
			children = (
				847420692C945A950024CFA4 /* Preview Assets.xcassets */,
			);
			path = "Preview Content";
			sourceTree = "<group>";
		};
		847420722C945A950024CFA4 /* VizbeeDemoTests */ = {
			isa = PBXGroup;
			children = (
				847420732C945A950024CFA4 /* VizbeeDemoTests.swift */,
			);
			path = VizbeeDemoTests;
			sourceTree = "<group>";
		};
		8474207C2C945A950024CFA4 /* VizbeeDemoUITests */ = {
			isa = PBXGroup;
			children = (
				8474207D2C945A950024CFA4 /* VizbeeDemoUITests.swift */,
				8474207F2C945A950024CFA4 /* VizbeeDemoUITestsLaunchTests.swift */,
			);
			path = VizbeeDemoUITests;
			sourceTree = "<group>";
		};
		847420912C945BCE0024CFA4 /* Views */ = {
			isa = PBXGroup;
			children = (
				8474208E2C945BA30024CFA4 /* HomeView.swift */,
				847420922C945C400024CFA4 /* VideoRow.swift */,
				847420942C945E550024CFA4 /* PlayerView.swift */,
				8474209A2C945EB50024CFA4 /* CastButton.swift */,
				847420B72C9470C70024CFA4 /* SettingsView.swift */,
				847EF6552C99821C009877A9 /* DetailView.swift */,
				847EF6612C99A46E009877A9 /* VideoPlayer.swift */,
				847EF6632C99E7DF009877A9 /* CustomPlayerControls.swift */,
				847EF6652C9AD023009877A9 /* PlayerPresenter.swift */,
			);
			path = Views;
			sourceTree = "<group>";
		};
		8474209C2C945F410024CFA4 /* ViewModels */ = {
			isa = PBXGroup;
			children = (
				847420A02C945FFA0024CFA4 /* VideoPlayerViewModel.swift */,
				847420A22C9460240024CFA4 /* CastingViewModel.swift */,
				847420B92C9470E80024CFA4 /* SettingsViewModel.swift */,
				847EF65F2C999EA0009877A9 /* DetailViewModel.swift */,
			);
			path = ViewModels;
			sourceTree = "<group>";
		};
		8474209D2C945FC10024CFA4 /* Models */ = {
			isa = PBXGroup;
			children = (
				8474209E2C945FDC0024CFA4 /* Video.swift */,
			);
			path = Models;
			sourceTree = "<group>";
		};
		847420BB2C9472400024CFA4 /* VizbeeIntegration */ = {
			isa = PBXGroup;
			children = (
				847420B32C9463290024CFA4 /* VizbeeAdapter.swift */,
				847420BC2C9472610024CFA4 /* VizbeeWrapper.swift */,
				847420BF2C9473730024CFA4 /* DemoAppVizbeeStyle.swift */,
				847420BE2C9473730024CFA4 /* MobileToTVMessager.swift */,
				847420C02C9473730024CFA4 /* VizbeeAnalyticsHandler.swift */,
			);
			path = VizbeeIntegration;
			sourceTree = "<group>";
		};
		847EF6572C998B1A009877A9 /* ViewControllers */ = {
			isa = PBXGroup;
			children = (
				847EF6582C998B2F009877A9 /* CustomHostingController.swift */,
			);
			path = ViewControllers;
			sourceTree = "<group>";
		};
		847EF65A2C99983B009877A9 /* Constants */ = {
			isa = PBXGroup;
			children = (
				847EF65B2C99984E009877A9 /* VideoData.swift */,
				847EF65D2C999D40009877A9 /* Constants.swift */,
			);
			path = Constants;
			sourceTree = "<group>";
		};
		84B8CC8B2C9B257100ED9F80 /* Utils */ = {
			isa = PBXGroup;
			children = (
				847420C42C947C980024CFA4 /* ImageLoader.swift */,
			);
			path = Utils;
			sourceTree = "<group>";
		};
		84B8CC8C2C9B27E300ED9F80 /* Fonts */ = {
			isa = PBXGroup;
			children = (
				84B8CC8E2C9B27FB00ED9F80 /* Roboto_Medium.ttf */,
				84B8CC8D2C9B27FB00ED9F80 /* Roboto_Regular.ttf */,
			);
			path = Fonts;
			sourceTree = "<group>";
		};
/* End PBXGroup section */

/* Begin PBXNativeTarget section */
		8474205E2C945A930024CFA4 /* VizbeeDemo */ = {
			isa = PBXNativeTarget;
			buildConfigurationList = 847420832C945A950024CFA4 /* Build configuration list for PBXNativeTarget "VizbeeDemo" */;
			buildPhases = (
				8474205B2C945A930024CFA4 /* Sources */,
				8474205C2C945A930024CFA4 /* Frameworks */,
				8474205D2C945A930024CFA4 /* Resources */,
			);
			buildRules = (
			);
			dependencies = (
			);
			name = VizbeeDemo;
			packageProductDependencies = (
				847420A92C9461130024CFA4 /* VizbeeKit */,
				847420AC2C94611C0024CFA4 /* VizbeeHomeOSKit */,
				847420AF2C9461250024CFA4 /* GoogleCast */,
			);
			productName = VizbeeDemo;
			productReference = 8474205F2C945A930024CFA4 /* VizbeeDemo.app */;
			productType = "com.apple.product-type.application";
		};
		8474206E2C945A950024CFA4 /* VizbeeDemoTests */ = {
			isa = PBXNativeTarget;
			buildConfigurationList = 847420862C945A950024CFA4 /* Build configuration list for PBXNativeTarget "VizbeeDemoTests" */;
			buildPhases = (
				8474206B2C945A950024CFA4 /* Sources */,
				8474206C2C945A950024CFA4 /* Frameworks */,
				8474206D2C945A950024CFA4 /* Resources */,
			);
			buildRules = (
			);
			dependencies = (
				847420712C945A950024CFA4 /* PBXTargetDependency */,
			);
			name = VizbeeDemoTests;
			productName = VizbeeDemoTests;
			productReference = 8474206F2C945A950024CFA4 /* VizbeeDemoTests.xctest */;
			productType = "com.apple.product-type.bundle.unit-test";
		};
		847420782C945A950024CFA4 /* VizbeeDemoUITests */ = {
			isa = PBXNativeTarget;
			buildConfigurationList = 847420892C945A950024CFA4 /* Build configuration list for PBXNativeTarget "VizbeeDemoUITests" */;
			buildPhases = (
				847420752C945A950024CFA4 /* Sources */,
				847420762C945A950024CFA4 /* Frameworks */,
				847420772C945A950024CFA4 /* Resources */,
			);
			buildRules = (
			);
			dependencies = (
				8474207B2C945A950024CFA4 /* PBXTargetDependency */,
			);
			name = VizbeeDemoUITests;
			productName = VizbeeDemoUITests;
			productReference = 847420792C945A950024CFA4 /* VizbeeDemoUITests.xctest */;
			productType = "com.apple.product-type.bundle.ui-testing";
		};
/* End PBXNativeTarget section */

/* Begin PBXProject section */
		847420572C945A930024CFA4 /* Project object */ = {
			isa = PBXProject;
			attributes = {
				BuildIndependentTargetsInParallel = 1;
				LastSwiftUpdateCheck = 1530;
				LastUpgradeCheck = 1530;
				TargetAttributes = {
					8474205E2C945A930024CFA4 = {
						CreatedOnToolsVersion = 15.3;
					};
					8474206E2C945A950024CFA4 = {
						CreatedOnToolsVersion = 15.3;
						TestTargetID = 8474205E2C945A930024CFA4;
					};
					847420782C945A950024CFA4 = {
						CreatedOnToolsVersion = 15.3;
						TestTargetID = 8474205E2C945A930024CFA4;
					};
				};
			};
			buildConfigurationList = 8474205A2C945A930024CFA4 /* Build configuration list for PBXProject "VizbeeDemo" */;
			compatibilityVersion = "Xcode 14.0";
			developmentRegion = en;
			hasScannedForEncodings = 0;
			knownRegions = (
				en,
				Base,
			);
			mainGroup = 847420562C945A930024CFA4;
			packageReferences = (
				847420A82C9461130024CFA4 /* XCRemoteSwiftPackageReference "vizbee-ios-sdk" */,
				847420AB2C94611C0024CFA4 /* XCRemoteSwiftPackageReference "vizbee-homeos-sdk" */,
				847420AE2C9461250024CFA4 /* XCRemoteSwiftPackageReference "google-cast-sdk-m1" */,
			);
			productRefGroup = 847420602C945A930024CFA4 /* Products */;
			projectDirPath = "";
			projectRoot = "";
			targets = (
				8474205E2C945A930024CFA4 /* VizbeeDemo */,
				8474206E2C945A950024CFA4 /* VizbeeDemoTests */,
				847420782C945A950024CFA4 /* VizbeeDemoUITests */,
			);
		};
/* End PBXProject section */

/* Begin PBXResourcesBuildPhase section */
		8474205D2C945A930024CFA4 /* Resources */ = {
			isa = PBXResourcesBuildPhase;
			buildActionMask = 2147483647;
			files = (
				8474206A2C945A950024CFA4 /* Preview Assets.xcassets in Resources */,
				84B8CC8F2C9B27FB00ED9F80 /* Roboto_Regular.ttf in Resources */,
				84B8CC902C9B27FB00ED9F80 /* Roboto_Medium.ttf in Resources */,
				847420672C945A950024CFA4 /* Assets.xcassets in Resources */,
			);
			runOnlyForDeploymentPostprocessing = 0;
		};
		8474206D2C945A950024CFA4 /* Resources */ = {
			isa = PBXResourcesBuildPhase;
			buildActionMask = 2147483647;
			files = (
			);
			runOnlyForDeploymentPostprocessing = 0;
		};
		847420772C945A950024CFA4 /* Resources */ = {
			isa = PBXResourcesBuildPhase;
			buildActionMask = 2147483647;
			files = (
			);
			runOnlyForDeploymentPostprocessing = 0;
		};
/* End PBXResourcesBuildPhase section */

/* Begin PBXSourcesBuildPhase section */
		8474205B2C945A930024CFA4 /* Sources */ = {
			isa = PBXSourcesBuildPhase;
			buildActionMask = 2147483647;
			files = (
				847420BD2C9472610024CFA4 /* VizbeeWrapper.swift in Sources */,
				8474208D2C945B5A0024CFA4 /* AppDelegate.swift in Sources */,
				847420C52C947C980024CFA4 /* ImageLoader.swift in Sources */,
				8474208F2C945BA30024CFA4 /* HomeView.swift in Sources */,
				847420A12C945FFA0024CFA4 /* VideoPlayerViewModel.swift in Sources */,
				847420C32C9473730024CFA4 /* VizbeeAnalyticsHandler.swift in Sources */,
				847420932C945C400024CFA4 /* VideoRow.swift in Sources */,
				847420C22C9473730024CFA4 /* DemoAppVizbeeStyle.swift in Sources */,
				847420C12C9473730024CFA4 /* MobileToTVMessager.swift in Sources */,
				847420952C945E550024CFA4 /* PlayerView.swift in Sources */,
				847EF65C2C99984E009877A9 /* VideoData.swift in Sources */,
				8474209B2C945EB50024CFA4 /* CastButton.swift in Sources */,
				847EF6592C998B2F009877A9 /* CustomHostingController.swift in Sources */,
				847EF6662C9AD023009877A9 /* PlayerPresenter.swift in Sources */,
				847420BA2C9470E80024CFA4 /* SettingsViewModel.swift in Sources */,
				847EF6562C99821C009877A9 /* DetailView.swift in Sources */,
				847EF65E2C999D40009877A9 /* Constants.swift in Sources */,
				847EF6602C999EA0009877A9 /* DetailViewModel.swift in Sources */,
				847420B42C9463290024CFA4 /* VizbeeAdapter.swift in Sources */,
				847420B82C9470C70024CFA4 /* SettingsView.swift in Sources */,
				847420A32C9460240024CFA4 /* CastingViewModel.swift in Sources */,
				847EF6622C99A46E009877A9 /* VideoPlayer.swift in Sources */,
				847EF6642C99E7DF009877A9 /* CustomPlayerControls.swift in Sources */,
				8474209F2C945FDC0024CFA4 /* Video.swift in Sources */,
			);
			runOnlyForDeploymentPostprocessing = 0;
		};
		8474206B2C945A950024CFA4 /* Sources */ = {
			isa = PBXSourcesBuildPhase;
			buildActionMask = 2147483647;
			files = (
				847420742C945A950024CFA4 /* VizbeeDemoTests.swift in Sources */,
			);
			runOnlyForDeploymentPostprocessing = 0;
		};
		847420752C945A950024CFA4 /* Sources */ = {
			isa = PBXSourcesBuildPhase;
			buildActionMask = 2147483647;
			files = (
				847420802C945A950024CFA4 /* VizbeeDemoUITestsLaunchTests.swift in Sources */,
				8474207E2C945A950024CFA4 /* VizbeeDemoUITests.swift in Sources */,
			);
			runOnlyForDeploymentPostprocessing = 0;
		};
/* End PBXSourcesBuildPhase section */

/* Begin PBXTargetDependency section */
		847420712C945A950024CFA4 /* PBXTargetDependency */ = {
			isa = PBXTargetDependency;
			target = 8474205E2C945A930024CFA4 /* VizbeeDemo */;
			targetProxy = 847420702C945A950024CFA4 /* PBXContainerItemProxy */;
		};
		8474207B2C945A950024CFA4 /* PBXTargetDependency */ = {
			isa = PBXTargetDependency;
			target = 8474205E2C945A930024CFA4 /* VizbeeDemo */;
			targetProxy = 8474207A2C945A950024CFA4 /* PBXContainerItemProxy */;
		};
/* End PBXTargetDependency section */

/* Begin XCBuildConfiguration section */
		847420812C945A950024CFA4 /* Debug */ = {
			isa = XCBuildConfiguration;
			buildSettings = {
				ALWAYS_SEARCH_USER_PATHS = NO;
				ASSETCATALOG_COMPILER_GENERATE_SWIFT_ASSET_SYMBOL_EXTENSIONS = YES;
				CLANG_ANALYZER_NONNULL = YES;
				CLANG_ANALYZER_NUMBER_OBJECT_CONVERSION = YES_AGGRESSIVE;
				CLANG_CXX_LANGUAGE_STANDARD = "gnu++20";
				CLANG_ENABLE_MODULES = YES;
				CLANG_ENABLE_OBJC_ARC = YES;
				CLANG_ENABLE_OBJC_WEAK = YES;
				CLANG_WARN_BLOCK_CAPTURE_AUTORELEASING = YES;
				CLANG_WARN_BOOL_CONVERSION = YES;
				CLANG_WARN_COMMA = YES;
				CLANG_WARN_CONSTANT_CONVERSION = YES;
				CLANG_WARN_DEPRECATED_OBJC_IMPLEMENTATIONS = YES;
				CLANG_WARN_DIRECT_OBJC_ISA_USAGE = YES_ERROR;
				CLANG_WARN_DOCUMENTATION_COMMENTS = YES;
				CLANG_WARN_EMPTY_BODY = YES;
				CLANG_WARN_ENUM_CONVERSION = YES;
				CLANG_WARN_INFINITE_RECURSION = YES;
				CLANG_WARN_INT_CONVERSION = YES;
				CLANG_WARN_NON_LITERAL_NULL_CONVERSION = YES;
				CLANG_WARN_OBJC_IMPLICIT_RETAIN_SELF = YES;
				CLANG_WARN_OBJC_LITERAL_CONVERSION = YES;
				CLANG_WARN_OBJC_ROOT_CLASS = YES_ERROR;
				CLANG_WARN_QUOTED_INCLUDE_IN_FRAMEWORK_HEADER = YES;
				CLANG_WARN_RANGE_LOOP_ANALYSIS = YES;
				CLANG_WARN_STRICT_PROTOTYPES = YES;
				CLANG_WARN_SUSPICIOUS_MOVE = YES;
				CLANG_WARN_UNGUARDED_AVAILABILITY = YES_AGGRESSIVE;
				CLANG_WARN_UNREACHABLE_CODE = YES;
				CLANG_WARN__DUPLICATE_METHOD_MATCH = YES;
				COPY_PHASE_STRIP = NO;
				DEBUG_INFORMATION_FORMAT = dwarf;
				ENABLE_STRICT_OBJC_MSGSEND = YES;
				ENABLE_TESTABILITY = YES;
				ENABLE_USER_SCRIPT_SANDBOXING = YES;
				GCC_C_LANGUAGE_STANDARD = gnu17;
				GCC_DYNAMIC_NO_PIC = NO;
				GCC_NO_COMMON_BLOCKS = YES;
				GCC_OPTIMIZATION_LEVEL = 0;
				GCC_PREPROCESSOR_DEFINITIONS = (
					"DEBUG=1",
					"$(inherited)",
				);
				GCC_WARN_64_TO_32_BIT_CONVERSION = YES;
				GCC_WARN_ABOUT_RETURN_TYPE = YES_ERROR;
				GCC_WARN_UNDECLARED_SELECTOR = YES;
				GCC_WARN_UNINITIALIZED_AUTOS = YES_AGGRESSIVE;
				GCC_WARN_UNUSED_FUNCTION = YES;
				GCC_WARN_UNUSED_VARIABLE = YES;
				IPHONEOS_DEPLOYMENT_TARGET = 13.0;
				LOCALIZATION_PREFERS_STRING_CATALOGS = YES;
				MTL_ENABLE_DEBUG_INFO = INCLUDE_SOURCE;
				MTL_FAST_MATH = YES;
				ONLY_ACTIVE_ARCH = YES;
				SDKROOT = iphoneos;
				SWIFT_ACTIVE_COMPILATION_CONDITIONS = "DEBUG $(inherited)";
				SWIFT_OPTIMIZATION_LEVEL = "-Onone";
			};
			name = Debug;
		};
		847420822C945A950024CFA4 /* Release */ = {
			isa = XCBuildConfiguration;
			buildSettings = {
				ALWAYS_SEARCH_USER_PATHS = NO;
				ASSETCATALOG_COMPILER_GENERATE_SWIFT_ASSET_SYMBOL_EXTENSIONS = YES;
				CLANG_ANALYZER_NONNULL = YES;
				CLANG_ANALYZER_NUMBER_OBJECT_CONVERSION = YES_AGGRESSIVE;
				CLANG_CXX_LANGUAGE_STANDARD = "gnu++20";
				CLANG_ENABLE_MODULES = YES;
				CLANG_ENABLE_OBJC_ARC = YES;
				CLANG_ENABLE_OBJC_WEAK = YES;
				CLANG_WARN_BLOCK_CAPTURE_AUTORELEASING = YES;
				CLANG_WARN_BOOL_CONVERSION = YES;
				CLANG_WARN_COMMA = YES;
				CLANG_WARN_CONSTANT_CONVERSION = YES;
				CLANG_WARN_DEPRECATED_OBJC_IMPLEMENTATIONS = YES;
				CLANG_WARN_DIRECT_OBJC_ISA_USAGE = YES_ERROR;
				CLANG_WARN_DOCUMENTATION_COMMENTS = YES;
				CLANG_WARN_EMPTY_BODY = YES;
				CLANG_WARN_ENUM_CONVERSION = YES;
				CLANG_WARN_INFINITE_RECURSION = YES;
				CLANG_WARN_INT_CONVERSION = YES;
				CLANG_WARN_NON_LITERAL_NULL_CONVERSION = YES;
				CLANG_WARN_OBJC_IMPLICIT_RETAIN_SELF = YES;
				CLANG_WARN_OBJC_LITERAL_CONVERSION = YES;
				CLANG_WARN_OBJC_ROOT_CLASS = YES_ERROR;
				CLANG_WARN_QUOTED_INCLUDE_IN_FRAMEWORK_HEADER = YES;
				CLANG_WARN_RANGE_LOOP_ANALYSIS = YES;
				CLANG_WARN_STRICT_PROTOTYPES = YES;
				CLANG_WARN_SUSPICIOUS_MOVE = YES;
				CLANG_WARN_UNGUARDED_AVAILABILITY = YES_AGGRESSIVE;
				CLANG_WARN_UNREACHABLE_CODE = YES;
				CLANG_WARN__DUPLICATE_METHOD_MATCH = YES;
				COPY_PHASE_STRIP = NO;
				DEBUG_INFORMATION_FORMAT = "dwarf-with-dsym";
				ENABLE_NS_ASSERTIONS = NO;
				ENABLE_STRICT_OBJC_MSGSEND = YES;
				ENABLE_USER_SCRIPT_SANDBOXING = YES;
				GCC_C_LANGUAGE_STANDARD = gnu17;
				GCC_NO_COMMON_BLOCKS = YES;
				GCC_WARN_64_TO_32_BIT_CONVERSION = YES;
				GCC_WARN_ABOUT_RETURN_TYPE = YES_ERROR;
				GCC_WARN_UNDECLARED_SELECTOR = YES;
				GCC_WARN_UNINITIALIZED_AUTOS = YES_AGGRESSIVE;
				GCC_WARN_UNUSED_FUNCTION = YES;
				GCC_WARN_UNUSED_VARIABLE = YES;
				IPHONEOS_DEPLOYMENT_TARGET = 13.0;
				LOCALIZATION_PREFERS_STRING_CATALOGS = YES;
				MTL_ENABLE_DEBUG_INFO = NO;
				MTL_FAST_MATH = YES;
				SDKROOT = iphoneos;
				SWIFT_COMPILATION_MODE = wholemodule;
				VALIDATE_PRODUCT = YES;
			};
			name = Release;
		};
		847420842C945A950024CFA4 /* Debug */ = {
			isa = XCBuildConfiguration;
			buildSettings = {
				ASSETCATALOG_COMPILER_APPICON_NAME = AppIcon;
				ASSETCATALOG_COMPILER_GLOBAL_ACCENT_COLOR_NAME = AccentColor;
				CODE_SIGN_ENTITLEMENTS = VizbeeDemo/VizbeeDemo.entitlements;
				CODE_SIGN_STYLE = Automatic;
				CURRENT_PROJECT_VERSION = 1;
				DEVELOPMENT_ASSET_PATHS = "\"VizbeeDemo/Preview Content\"";
				DEVELOPMENT_TEAM = AYPSU46Q2X;
				ENABLE_PREVIEWS = YES;
				GENERATE_INFOPLIST_FILE = YES;
				INFOPLIST_FILE = VizbeeDemo/Info.plist;
				INFOPLIST_KEY_NSLocalNetworkUsageDescription = "This app enables you to cast videos and automatically install and login to Roku, FireTV, SamsungTV, LGTV, Chromecast and other streaming devices on your home network.";
				INFOPLIST_KEY_UIApplicationSupportsIndirectInputEvents = YES;
				INFOPLIST_KEY_UILaunchScreen_Generation = YES;
				INFOPLIST_KEY_UISupportedInterfaceOrientations = "UIInterfaceOrientationLandscapeLeft UIInterfaceOrientationLandscapeRight UIInterfaceOrientationPortrait";
				INFOPLIST_KEY_UISupportedInterfaceOrientations_iPad = "UIInterfaceOrientationLandscapeLeft UIInterfaceOrientationLandscapeRight UIInterfaceOrientationPortrait UIInterfaceOrientationPortraitUpsideDown";
				IPHONEOS_DEPLOYMENT_TARGET = 13.0;
				LD_RUNPATH_SEARCH_PATHS = (
					"$(inherited)",
					"@executable_path/Frameworks",
				);
				MARKETING_VERSION = 1.0;
				PRODUCT_BUNDLE_IDENTIFIER = tv.vizbee.VizbeeDemo;
				PRODUCT_NAME = "$(TARGET_NAME)";
				SWIFT_EMIT_LOC_STRINGS = YES;
				SWIFT_VERSION = 5.0;
				TARGETED_DEVICE_FAMILY = "1,2";
			};
			name = Debug;
		};
		847420852C945A950024CFA4 /* Release */ = {
			isa = XCBuildConfiguration;
			buildSettings = {
				ASSETCATALOG_COMPILER_APPICON_NAME = AppIcon;
				ASSETCATALOG_COMPILER_GLOBAL_ACCENT_COLOR_NAME = AccentColor;
				CODE_SIGN_ENTITLEMENTS = VizbeeDemo/VizbeeDemo.entitlements;
				CODE_SIGN_STYLE = Automatic;
				CURRENT_PROJECT_VERSION = 1;
				DEVELOPMENT_ASSET_PATHS = "\"VizbeeDemo/Preview Content\"";
				DEVELOPMENT_TEAM = AYPSU46Q2X;
				ENABLE_PREVIEWS = YES;
				GENERATE_INFOPLIST_FILE = YES;
				INFOPLIST_FILE = VizbeeDemo/Info.plist;
				INFOPLIST_KEY_NSLocalNetworkUsageDescription = "This app enables you to cast videos and automatically install and login to Roku, FireTV, SamsungTV, LGTV, Chromecast and other streaming devices on your home network.";
				INFOPLIST_KEY_UIApplicationSupportsIndirectInputEvents = YES;
				INFOPLIST_KEY_UILaunchScreen_Generation = YES;
				INFOPLIST_KEY_UISupportedInterfaceOrientations = "UIInterfaceOrientationLandscapeLeft UIInterfaceOrientationLandscapeRight UIInterfaceOrientationPortrait";
				INFOPLIST_KEY_UISupportedInterfaceOrientations_iPad = "UIInterfaceOrientationLandscapeLeft UIInterfaceOrientationLandscapeRight UIInterfaceOrientationPortrait UIInterfaceOrientationPortraitUpsideDown";
				IPHONEOS_DEPLOYMENT_TARGET = 13.0;
				LD_RUNPATH_SEARCH_PATHS = (
					"$(inherited)",
					"@executable_path/Frameworks",
				);
				MARKETING_VERSION = 1.0;
				PRODUCT_BUNDLE_IDENTIFIER = tv.vizbee.VizbeeDemo;
				PRODUCT_NAME = "$(TARGET_NAME)";
				SWIFT_EMIT_LOC_STRINGS = YES;
				SWIFT_VERSION = 5.0;
				TARGETED_DEVICE_FAMILY = "1,2";
			};
			name = Release;
		};
		847420872C945A950024CFA4 /* Debug */ = {
			isa = XCBuildConfiguration;
			buildSettings = {
				ALWAYS_EMBED_SWIFT_STANDARD_LIBRARIES = YES;
				BUNDLE_LOADER = "$(TEST_HOST)";
				CODE_SIGN_STYLE = Automatic;
				CURRENT_PROJECT_VERSION = 1;
				DEVELOPMENT_TEAM = AYPSU46Q2X;
				GENERATE_INFOPLIST_FILE = YES;
				IPHONEOS_DEPLOYMENT_TARGET = 17.4;
				MARKETING_VERSION = 1.0;
				PRODUCT_BUNDLE_IDENTIFIER = tv.vizbee.VizbeeDemo.VizbeeDemoTests;
				PRODUCT_NAME = "$(TARGET_NAME)";
				SWIFT_EMIT_LOC_STRINGS = NO;
				SWIFT_VERSION = 5.0;
				TARGETED_DEVICE_FAMILY = "1,2";
				TEST_HOST = "$(BUILT_PRODUCTS_DIR)/VizbeeDemo.app/$(BUNDLE_EXECUTABLE_FOLDER_PATH)/VizbeeDemo";
			};
			name = Debug;
		};
		847420882C945A950024CFA4 /* Release */ = {
			isa = XCBuildConfiguration;
			buildSettings = {
				ALWAYS_EMBED_SWIFT_STANDARD_LIBRARIES = YES;
				BUNDLE_LOADER = "$(TEST_HOST)";
				CODE_SIGN_STYLE = Automatic;
				CURRENT_PROJECT_VERSION = 1;
				DEVELOPMENT_TEAM = AYPSU46Q2X;
				GENERATE_INFOPLIST_FILE = YES;
				IPHONEOS_DEPLOYMENT_TARGET = 17.4;
				MARKETING_VERSION = 1.0;
				PRODUCT_BUNDLE_IDENTIFIER = tv.vizbee.VizbeeDemo.VizbeeDemoTests;
				PRODUCT_NAME = "$(TARGET_NAME)";
				SWIFT_EMIT_LOC_STRINGS = NO;
				SWIFT_VERSION = 5.0;
				TARGETED_DEVICE_FAMILY = "1,2";
				TEST_HOST = "$(BUILT_PRODUCTS_DIR)/VizbeeDemo.app/$(BUNDLE_EXECUTABLE_FOLDER_PATH)/VizbeeDemo";
			};
			name = Release;
		};
		8474208A2C945A950024CFA4 /* Debug */ = {
			isa = XCBuildConfiguration;
			buildSettings = {
				ALWAYS_EMBED_SWIFT_STANDARD_LIBRARIES = YES;
				CODE_SIGN_STYLE = Automatic;
				CURRENT_PROJECT_VERSION = 1;
				DEVELOPMENT_TEAM = AYPSU46Q2X;
				GENERATE_INFOPLIST_FILE = YES;
				MARKETING_VERSION = 1.0;
				PRODUCT_BUNDLE_IDENTIFIER = tv.vizbee.VizbeeDemo.VizbeeDemoUITests;
				PRODUCT_NAME = "$(TARGET_NAME)";
				SWIFT_EMIT_LOC_STRINGS = NO;
				SWIFT_VERSION = 5.0;
				TARGETED_DEVICE_FAMILY = "1,2";
				TEST_TARGET_NAME = VizbeeDemo;
			};
			name = Debug;
		};
		8474208B2C945A950024CFA4 /* Release */ = {
			isa = XCBuildConfiguration;
			buildSettings = {
				ALWAYS_EMBED_SWIFT_STANDARD_LIBRARIES = YES;
				CODE_SIGN_STYLE = Automatic;
				CURRENT_PROJECT_VERSION = 1;
				DEVELOPMENT_TEAM = AYPSU46Q2X;
				GENERATE_INFOPLIST_FILE = YES;
				MARKETING_VERSION = 1.0;
				PRODUCT_BUNDLE_IDENTIFIER = tv.vizbee.VizbeeDemo.VizbeeDemoUITests;
				PRODUCT_NAME = "$(TARGET_NAME)";
				SWIFT_EMIT_LOC_STRINGS = NO;
				SWIFT_VERSION = 5.0;
				TARGETED_DEVICE_FAMILY = "1,2";
				TEST_TARGET_NAME = VizbeeDemo;
			};
			name = Release;
		};
/* End XCBuildConfiguration section */

/* Begin XCConfigurationList section */
		8474205A2C945A930024CFA4 /* Build configuration list for PBXProject "VizbeeDemo" */ = {
			isa = XCConfigurationList;
			buildConfigurations = (
				847420812C945A950024CFA4 /* Debug */,
				847420822C945A950024CFA4 /* Release */,
			);
			defaultConfigurationIsVisible = 0;
			defaultConfigurationName = Release;
		};
		847420832C945A950024CFA4 /* Build configuration list for PBXNativeTarget "VizbeeDemo" */ = {
			isa = XCConfigurationList;
			buildConfigurations = (
				847420842C945A950024CFA4 /* Debug */,
				847420852C945A950024CFA4 /* Release */,
			);
			defaultConfigurationIsVisible = 0;
			defaultConfigurationName = Release;
		};
		847420862C945A950024CFA4 /* Build configuration list for PBXNativeTarget "VizbeeDemoTests" */ = {
			isa = XCConfigurationList;
			buildConfigurations = (
				847420872C945A950024CFA4 /* Debug */,
				847420882C945A950024CFA4 /* Release */,
			);
			defaultConfigurationIsVisible = 0;
			defaultConfigurationName = Release;
		};
		847420892C945A950024CFA4 /* Build configuration list for PBXNativeTarget "VizbeeDemoUITests" */ = {
			isa = XCConfigurationList;
			buildConfigurations = (
				8474208A2C945A950024CFA4 /* Debug */,
				8474208B2C945A950024CFA4 /* Release */,
			);
			defaultConfigurationIsVisible = 0;
			defaultConfigurationName = Release;
		};
/* End XCConfigurationList section */

/* Begin XCRemoteSwiftPackageReference section */
		847420A82C9461130024CFA4 /* XCRemoteSwiftPackageReference "vizbee-ios-sdk" */ = {
			isa = XCRemoteSwiftPackageReference;
			repositoryURL = "https://github.com/ClaspTV/vizbee-ios-sdk.git";
			requirement = {
				kind = upToNextMajorVersion;
				minimumVersion = 6.7.1;
			};
		};
		847420AB2C94611C0024CFA4 /* XCRemoteSwiftPackageReference "vizbee-homeos-sdk" */ = {
			isa = XCRemoteSwiftPackageReference;
			repositoryURL = "https://github.com/ClaspTV/vizbee-homeos-sdk.git";
			requirement = {
				kind = upToNextMajorVersion;
				minimumVersion = 1.0.3;
			};
		};
		847420AE2C9461250024CFA4 /* XCRemoteSwiftPackageReference "google-cast-sdk-m1" */ = {
			isa = XCRemoteSwiftPackageReference;
			repositoryURL = "https://github.com/ClaspTV/google-cast-sdk-m1.git";
			requirement = {
				kind = upToNextMajorVersion;
				minimumVersion = 4.8.0;
			};
		};
/* End XCRemoteSwiftPackageReference section */

/* Begin XCSwiftPackageProductDependency section */
		847420A92C9461130024CFA4 /* VizbeeKit */ = {
			isa = XCSwiftPackageProductDependency;
			package = 847420A82C9461130024CFA4 /* XCRemoteSwiftPackageReference "vizbee-ios-sdk" */;
			productName = VizbeeKit;
		};
		847420AC2C94611C0024CFA4 /* VizbeeHomeOSKit */ = {
			isa = XCSwiftPackageProductDependency;
			package = 847420AB2C94611C0024CFA4 /* XCRemoteSwiftPackageReference "vizbee-homeos-sdk" */;
			productName = VizbeeHomeOSKit;
		};
		847420AF2C9461250024CFA4 /* GoogleCast */ = {
			isa = XCSwiftPackageProductDependency;
			package = 847420AE2C9461250024CFA4 /* XCRemoteSwiftPackageReference "google-cast-sdk-m1" */;
			productName = GoogleCast;
		};
/* End XCSwiftPackageProductDependency section */
	};
	rootObject = 847420572C945A930024CFA4 /* Project object */;
}
